
Microsoft Visual Studio Solution File, Format Version 12.00
# Visual Studio Version 17
VisualStudioVersion = 17.14.36401.2 d17.14
MinimumVisualStudioVersion = 10.0.40219.1
Project("{FAE04EC0-301F-11D3-BF4B-00C04F79EFBC}") = "Actividaden_Aula_1", "Actividaden_Aula_1\Actividaden_Aula_1.csproj", "{06B2E944-4E22-471D-9A8F-AF4121FD38CA}"
EndProject
Global
	GlobalSection(SolutionConfigurationPlatforms) = preSolution
		Debug|Any CPU = Debug|Any CPU
		Release|Any CPU = Release|Any CPU
	EndGlobalSection
	GlobalSection(ProjectConfigurationPlatforms) = postSolution
		{06B2E944-4E22-471D-9A8F-AF4121FD38CA}.Debug|Any CPU.ActiveCfg = Debug|Any CPU
		{06B2E944-4E22-471D-9A8F-AF4121FD38CA}.Debug|Any CPU.Build.0 = Debug|Any CPU
		{06B2E944-4E22-471D-9A8F-AF4121FD38CA}.Release|Any CPU.ActiveCfg = Release|Any CPU
		{06B2E944-4E22-471D-9A8F-AF4121FD38CA}.Release|Any CPU.Build.0 = Release|Any CPU
	EndGlobalSection
	GlobalSection(SolutionProperties) = preSolution
		HideSolutionNode = FALSE
	EndGlobalSection
	GlobalSection(ExtensibilityGlobals) = postSolution
		SolutionGuid = {5E791F99-F9AA-4BF5-8BE9-5E065818AE78}
	EndGlobalSection
EndGlobal
